// !$*UTF8*$!
{
	archiveVersion = 1;
	classes = {
	};
	objectVersion = 56;
	objects = {

/* Begin PBXBuildFile section */
		A67E2DFA299B098A00B77A41 /* Project332App.swift in Sources */ = {isa = PBXBuildFile; fileRef = A67E2DF9299B098A00B77A41 /* Project332App.swift */; };
		A67E2DFC299B098A00B77A41 /* ContentView.swift in Sources */ = {isa = PBXBuildFile; fileRef = A67E2DFB299B098A00B77A41 /* ContentView.swift */; };
		A67E2DFE299B098C00B77A41 /* Assets.xcassets in Resources */ = {isa = PBXBuildFile; fileRef = A67E2DFD299B098C00B77A41 /* Assets.xcassets */; };
		A67E2E01299B098C00B77A41 /* Preview Assets.xcassets in Resources */ = {isa = PBXBuildFile; fileRef = A67E2E00299B098C00B77A41 /* Preview Assets.xcassets */; };
		A67E2E0B299B098D00B77A41 /* Project332Tests.swift in Sources */ = {isa = PBXBuildFile; fileRef = A67E2E0A299B098D00B77A41 /* Project332Tests.swift */; };
		A67E2E15299B098D00B77A41 /* Project332UITests.swift in Sources */ = {isa = PBXBuildFile; fileRef = A67E2E14299B098D00B77A41 /* Project332UITests.swift */; };
		A67E2E17299B098D00B77A41 /* Project332UITestsLaunchTests.swift in Sources */ = {isa = PBXBuildFile; fileRef = A67E2E16299B098D00B77A41 /* Project332UITestsLaunchTests.swift */; };
		A67E2E24299B0E5A00B77A41 /* Readme.rtf in Resources */ = {isa = PBXBuildFile; fileRef = A67E2E23299B0E5A00B77A41 /* Readme.rtf */; };
/* End PBXBuildFile section */

/* Begin PBXContainerItemProxy section */
		A67E2E07299B098D00B77A41 /* PBXContainerItemProxy */ = {
			isa = PBXContainerItemProxy;
			containerPortal = A67E2DEE299B098A00B77A41 /* Project object */;
			proxyType = 1;
			remoteGlobalIDString = A67E2DF5299B098A00B77A41;
			remoteInfo = Project332;
		};
		A67E2E11299B098D00B77A41 /* PBXContainerItemProxy */ = {
			isa = PBXContainerItemProxy;
			containerPortal = A67E2DEE299B098A00B77A41 /* Project object */;
			proxyType = 1;
			remoteGlobalIDString = A67E2DF5299B098A00B77A41;
			remoteInfo = Project332;
		};
/* End PBXContainerItemProxy section */

/* Begin PBXFileReference section */
		A67E2DF6299B098A00B77A41 /* Project332.app */ = {isa = PBXFileReference; explicitFileType = wrapper.application; includeInIndex = 0; path = Project332.app; sourceTree = BUILT_PRODUCTS_DIR; };
		A67E2DF9299B098A00B77A41 /* Project332App.swift */ = {isa = PBXFileReference; lastKnownFileType = sourcecode.swift; path = Project332App.swift; sourceTree = "<group>"; };
		A67E2DFB299B098A00B77A41 /* ContentView.swift */ = {isa = PBXFileReference; lastKnownFileType = sourcecode.swift; path = ContentView.swift; sourceTree = "<group>"; };
		A67E2DFD299B098C00B77A41 /* Assets.xcassets */ = {isa = PBXFileReference; lastKnownFileType = folder.assetcatalog; path = Assets.xcassets; sourceTree = "<group>"; };
		A67E2E00299B098C00B77A41 /* Preview Assets.xcassets */ = {isa = PBXFileReference; lastKnownFileType = folder.assetcatalog; path = "Preview Assets.xcassets"; sourceTree = "<group>"; };
		A67E2E06299B098D00B77A41 /* Project332Tests.xctest */ = {isa = PBXFileReference; explicitFileType = wrapper.cfbundle; includeInIndex = 0; path = Project332Tests.xctest; sourceTree = BUILT_PRODUCTS_DIR; };
		A67E2E0A299B098D00B77A41 /* Project332Tests.swift */ = {isa = PBXFileReference; lastKnownFileType = sourcecode.swift; path = Project332Tests.swift; sourceTree = "<group>"; };
		A67E2E10299B098D00B77A41 /* Project332UITests.xctest */ = {isa = PBXFileReference; explicitFileType = wrapper.cfbundle; includeInIndex = 0; path = Project332UITests.xctest; sourceTree = BUILT_PRODUCTS_DIR; };
		A67E2E14299B098D00B77A41 /* Project332UITests.swift */ = {isa = PBXFileReference; lastKnownFileType = sourcecode.swift; path = Project332UITests.swift; sourceTree = "<group>"; };
		A67E2E16299B098D00B77A41 /* Project332UITestsLaunchTests.swift */ = {isa = PBXFileReference; lastKnownFileType = sourcecode.swift; path = Project332UITestsLaunchTests.swift; sourceTree = "<group>"; };
		A67E2E23299B0E5A00B77A41 /* Readme.rtf */ = {isa = PBXFileReference; lastKnownFileType = text.rtf; path = Readme.rtf; sourceTree = "<group>"; };
/* End PBXFileReference section */

/* Begin PBXFrameworksBuildPhase section */
		A67E2DF3299B098A00B77A41 /* Frameworks */ = {
			isa = PBXFrameworksBuildPhase;
			buildActionMask = 2147483647;
			files = (
			);
			runOnlyForDeploymentPostprocessing = 0;
		};
		A67E2E03299B098D00B77A41 /* Frameworks */ = {
			isa = PBXFrameworksBuildPhase;
			buildActionMask = 2147483647;
			files = (
			);
			runOnlyForDeploymentPostprocessing = 0;
		};
		A67E2E0D299B098D00B77A41 /* Frameworks */ = {
			isa = PBXFrameworksBuildPhase;
			buildActionMask = 2147483647;
			files = (
			);
			runOnlyForDeploymentPostprocessing = 0;
		};
/* End PBXFrameworksBuildPhase section */

/* Begin PBXGroup section */
		A67E2DED299B098A00B77A41 = {
			isa = PBXGroup;
			children = (
				A67E2E23299B0E5A00B77A41 /* Readme.rtf */,
				A67E2DF8299B098A00B77A41 /* Project332 */,
				A67E2E09299B098D00B77A41 /* Project332Tests */,
				A67E2E13299B098D00B77A41 /* Project332UITests */,
				A67E2DF7299B098A00B77A41 /* Products */,
			);
			sourceTree = "<group>";
		};
		A67E2DF7299B098A00B77A41 /* Products */ = {
			isa = PBXGroup;
			children = (
				A67E2DF6299B098A00B77A41 /* Project332.app */,
				A67E2E06299B098D00B77A41 /* Project332Tests.xctest */,
				A67E2E10299B098D00B77A41 /* Project332UITests.xctest */,
			);
			name = Products;
			sourceTree = "<group>";
		};
		A67E2DF8299B098A00B77A41 /* Project332 */ = {
			isa = PBXGroup;
			children = (
				A67E2DF9299B098A00B77A41 /* Project332App.swift */,
				A67E2DFB299B098A00B77A41 /* ContentView.swift */,
				A67E2DFD299B098C00B77A41 /* Assets.xcassets */,
				A67E2DFF299B098C00B77A41 /* Preview Content */,
			);
			path = Project332;
			sourceTree = "<group>";
		};
		A67E2DFF299B098C00B77A41 /* Preview Content */ = {
			isa = PBXGroup;
			children = (
				A67E2E00299B098C00B77A41 /* Preview Assets.xcassets */,
			);
			path = "Preview Content";
			sourceTree = "<group>";
		};
		A67E2E09299B098D00B77A41 /* Project332Tests */ = {
			isa = PBXGroup;
			children = (
				A67E2E0A299B098D00B77A41 /* Project332Tests.swift */,
			);
			path = Project332Tests;
			sourceTree = "<group>";
		};
		A67E2E13299B098D00B77A41 /* Project332UITests */ = {
			isa = PBXGroup;
			children = (
				A67E2E14299B098D00B77A41 /* Project332UITests.swift */,
				A67E2E16299B098D00B77A41 /* Project332UITestsLaunchTests.swift */,
			);
			path = Project332UITests;
			sourceTree = "<group>";
		};
/* End PBXGroup section */

/* Begin PBXNativeTarget section */
		A67E2DF5299B098A00B77A41 /* Project332 */ = {
			isa = PBXNativeTarget;
			buildConfigurationList = A67E2E1A299B098D00B77A41 /* Build configuration list for PBXNativeTarget "Project332" */;
			buildPhases = (
				A67E2DF2299B098A00B77A41 /* Sources */,
				A67E2DF3299B098A00B77A41 /* Frameworks */,
				A67E2DF4299B098A00B77A41 /* Resources */,
			);
			buildRules = (
			);
			dependencies = (
			);
			name = Project332;
			productName = Project332;
			productReference = A67E2DF6299B098A00B77A41 /* Project332.app */;
			productType = "com.apple.product-type.application";
		};
		A67E2E05299B098D00B77A41 /* Project332Tests */ = {
			isa = PBXNativeTarget;
			buildConfigurationList = A67E2E1D299B098D00B77A41 /* Build configuration list for PBXNativeTarget "Project332Tests" */;
			buildPhases = (
				A67E2E02299B098D00B77A41 /* Sources */,
				A67E2E03299B098D00B77A41 /* Frameworks */,
				A67E2E04299B098D00B77A41 /* Resources */,
			);
			buildRules = (
			);
			dependencies = (
				A67E2E08299B098D00B77A41 /* PBXTargetDependency */,
			);
			name = Project332Tests;
			productName = Project332Tests;
			productReference = A67E2E06299B098D00B77A41 /* Project332Tests.xctest */;
			productType = "com.apple.product-type.bundle.unit-test";
		};
		A67E2E0F299B098D00B77A41 /* Project332UITests */ = {
			isa = PBXNativeTarget;
			buildConfigurationList = A67E2E20299B098D00B77A41 /* Build configuration list for PBXNativeTarget "Project332UITests" */;
			buildPhases = (
				A67E2E0C299B098D00B77A41 /* Sources */,
				A67E2E0D299B098D00B77A41 /* Frameworks */,
				A67E2E0E299B098D00B77A41 /* Resources */,
			);
			buildRules = (
			);
			dependencies = (
				A67E2E12299B098D00B77A41 /* PBXTargetDependency */,
			);
			name = Project332UITests;
			productName = Project332UITests;
			productReference = A67E2E10299B098D00B77A41 /* Project332UITests.xctest */;
			productType = "com.apple.product-type.bundle.ui-testing";
		};
/* End PBXNativeTarget section */

/* Begin PBXProject section */
		A67E2DEE299B098A00B77A41 /* Project object */ = {
			isa = PBXProject;
			attributes = {
				BuildIndependentTargetsInParallel = 1;
				LastSwiftUpdateCheck = 1420;
				LastUpgradeCheck = 1420;
				TargetAttributes = {
					A67E2DF5299B098A00B77A41 = {
						CreatedOnToolsVersion = 14.2;
					};
					A67E2E05299B098D00B77A41 = {
						CreatedOnToolsVersion = 14.2;
						TestTargetID = A67E2DF5299B098A00B77A41;
					};
					A67E2E0F299B098D00B77A41 = {
						CreatedOnToolsVersion = 14.2;
						TestTargetID = A67E2DF5299B098A00B77A41;
					};
				};
			};
			buildConfigurationList = A67E2DF1299B098A00B77A41 /* Build configuration list for PBXProject "Project332" */;
			compatibilityVersion = "Xcode 14.0";
			developmentRegion = en;
			hasScannedForEncodings = 0;
			knownRegions = (
				en,
				Base,
			);
			mainGroup = A67E2DED299B098A00B77A41;
			productRefGroup = A67E2DF7299B098A00B77A41 /* Products */;
			projectDirPath = "";
			projectRoot = "";
			targets = (
				A67E2DF5299B098A00B77A41 /* Project332 */,
				A67E2E05299B098D00B77A41 /* Project332Tests */,
				A67E2E0F299B098D00B77A41 /* Project332UITests */,
			);
		};
/* End PBXProject section */

/* Begin PBXResourcesBuildPhase section */
		A67E2DF4299B098A00B77A41 /* Resources */ = {
			isa = PBXResourcesBuildPhase;
			buildActionMask = 2147483647;
			files = (
				A67E2E24299B0E5A00B77A41 /* Readme.rtf in Resources */,
				A67E2E01299B098C00B77A41 /* Preview Assets.xcassets in Resources */,
				A67E2DFE299B098C00B77A41 /* Assets.xcassets in Resources */,
			);
			runOnlyForDeploymentPostprocessing = 0;
		};
		A67E2E04299B098D00B77A41 /* Resources */ = {
			isa = PBXResourcesBuildPhase;
			buildActionMask = 2147483647;
			files = (
			);
			runOnlyForDeploymentPostprocessing = 0;
		};
		A67E2E0E299B098D00B77A41 /* Resources */ = {
			isa = PBXResourcesBuildPhase;
			buildActionMask = 2147483647;
			files = (
			);
			runOnlyForDeploymentPostprocessing = 0;
		};
/* End PBXResourcesBuildPhase section */

/* Begin PBXSourcesBuildPhase section */
		A67E2DF2299B098A00B77A41 /* Sources */ = {
			isa = PBXSourcesBuildPhase;
			buildActionMask = 2147483647;
			files = (
				A67E2DFC299B098A00B77A41 /* ContentView.swift in Sources */,
				A67E2DFA299B098A00B77A41 /* Project332App.swift in Sources */,
			);
			runOnlyForDeploymentPostprocessing = 0;
		};
		A67E2E02299B098D00B77A41 /* Sources */ = {
			isa = PBXSourcesBuildPhase;
			buildActionMask = 2147483647;
			files = (
				A67E2E0B299B098D00B77A41 /* Project332Tests.swift in Sources */,
			);
			runOnlyForDeploymentPostprocessing = 0;
		};
		A67E2E0C299B098D00B77A41 /* Sources */ = {
			isa = PBXSourcesBuildPhase;
			buildActionMask = 2147483647;
			files = (
				A67E2E15299B098D00B77A41 /* Project332UITests.swift in Sources */,
				A67E2E17299B098D00B77A41 /* Project332UITestsLaunchTests.swift in Sources */,
			);
			runOnlyForDeploymentPostprocessing = 0;
		};
/* End PBXSourcesBuildPhase section */

/* Begin PBXTargetDependency section */
		A67E2E08299B098D00B77A41 /* PBXTargetDependency */ = {
			isa = PBXTargetDependency;
			target = A67E2DF5299B098A00B77A41 /* Project332 */;
			targetProxy = A67E2E07299B098D00B77A41 /* PBXContainerItemProxy */;
		};
		A67E2E12299B098D00B77A41 /* PBXTargetDependency */ = {
			isa = PBXTargetDependency;
			target = A67E2DF5299B098A00B77A41 /* Project332 */;
			targetProxy = A67E2E11299B098D00B77A41 /* PBXContainerItemProxy */;
		};
/* End PBXTargetDependency section */

/* Begin XCBuildConfiguration section */
		A67E2E18299B098D00B77A41 /* Debug */ = {
			isa = XCBuildConfiguration;
			buildSettings = {
				ALWAYS_SEARCH_USER_PATHS = NO;
				CLANG_ANALYZER_NONNULL = YES;
				CLANG_ANALYZER_NUMBER_OBJECT_CONVERSION = YES_AGGRESSIVE;
				CLANG_CXX_LANGUAGE_STANDARD = "gnu++20";
				CLANG_ENABLE_MODULES = YES;
				CLANG_ENABLE_OBJC_ARC = YES;
				CLANG_ENABLE_OBJC_WEAK = YES;
				CLANG_WARN_BLOCK_CAPTURE_AUTORELEASING = YES;
				CLANG_WARN_BOOL_CONVERSION = YES;
				CLANG_WARN_COMMA = YES;
				CLANG_WARN_CONSTANT_CONVERSION = YES;
				CLANG_WARN_DEPRECATED_OBJC_IMPLEMENTATIONS = YES;
				CLANG_WARN_DIRECT_OBJC_ISA_USAGE = YES_ERROR;
				CLANG_WARN_DOCUMENTATION_COMMENTS = YES;
				CLANG_WARN_EMPTY_BODY = YES;
				CLANG_WARN_ENUM_CONVERSION = YES;
				CLANG_WARN_INFINITE_RECURSION = YES;
				CLANG_WARN_INT_CONVERSION = YES;
				CLANG_WARN_NON_LITERAL_NULL_CONVERSION = YES;
				CLANG_WARN_OBJC_IMPLICIT_RETAIN_SELF = YES;
				CLANG_WARN_OBJC_LITERAL_CONVERSION = YES;
				CLANG_WARN_OBJC_ROOT_CLASS = YES_ERROR;
				CLANG_WARN_QUOTED_INCLUDE_IN_FRAMEWORK_HEADER = YES;
				CLANG_WARN_RANGE_LOOP_ANALYSIS = YES;
				CLANG_WARN_STRICT_PROTOTYPES = YES;
				CLANG_WARN_SUSPICIOUS_MOVE = YES;
				CLANG_WARN_UNGUARDED_AVAILABILITY = YES_AGGRESSIVE;
				CLANG_WARN_UNREACHABLE_CODE = YES;
				CLANG_WARN__DUPLICATE_METHOD_MATCH = YES;
				COPY_PHASE_STRIP = NO;
				DEBUG_INFORMATION_FORMAT = dwarf;
				ENABLE_STRICT_OBJC_MSGSEND = YES;
				ENABLE_TESTABILITY = YES;
				GCC_C_LANGUAGE_STANDARD = gnu11;
				GCC_DYNAMIC_NO_PIC = NO;
				GCC_NO_COMMON_BLOCKS = YES;
				GCC_OPTIMIZATION_LEVEL = 0;
				GCC_PREPROCESSOR_DEFINITIONS = (
					"DEBUG=1",
					"$(inherited)",
				);
				GCC_WARN_64_TO_32_BIT_CONVERSION = YES;
				GCC_WARN_ABOUT_RETURN_TYPE = YES_ERROR;
				GCC_WARN_UNDECLARED_SELECTOR = YES;
				GCC_WARN_UNINITIALIZED_AUTOS = YES_AGGRESSIVE;
				GCC_WARN_UNUSED_FUNCTION = YES;
				GCC_WARN_UNUSED_VARIABLE = YES;
				IPHONEOS_DEPLOYMENT_TARGET = 16.2;
				MTL_ENABLE_DEBUG_INFO = INCLUDE_SOURCE;
				MTL_FAST_MATH = YES;
				ONLY_ACTIVE_ARCH = YES;
				SDKROOT = iphoneos;
				SWIFT_ACTIVE_COMPILATION_CONDITIONS = DEBUG;
				SWIFT_OPTIMIZATION_LEVEL = "-Onone";
			};
			name = Debug;
		};
		A67E2E19299B098D00B77A41 /* Release */ = {
			isa = XCBuildConfiguration;
			buildSettings = {
				ALWAYS_SEARCH_USER_PATHS = NO;
				CLANG_ANALYZER_NONNULL = YES;
				CLANG_ANALYZER_NUMBER_OBJECT_CONVERSION = YES_AGGRESSIVE;
				CLANG_CXX_LANGUAGE_STANDARD = "gnu++20";
				CLANG_ENABLE_MODULES = YES;
				CLANG_ENABLE_OBJC_ARC = YES;
				CLANG_ENABLE_OBJC_WEAK = YES;
				CLANG_WARN_BLOCK_CAPTURE_AUTORELEASING = YES;
				CLANG_WARN_BOOL_CONVERSION = YES;
				CLANG_WARN_COMMA = YES;
				CLANG_WARN_CONSTANT_CONVERSION = YES;
				CLANG_WARN_DEPRECATED_OBJC_IMPLEMENTATIONS = YES;
				CLANG_WARN_DIRECT_OBJC_ISA_USAGE = YES_ERROR;
				CLANG_WARN_DOCUMENTATION_COMMENTS = YES;
				CLANG_WARN_EMPTY_BODY = YES;
				CLANG_WARN_ENUM_CONVERSION = YES;
				CLANG_WARN_INFINITE_RECURSION = YES;
				CLANG_WARN_INT_CONVERSION = YES;
				CLANG_WARN_NON_LITERAL_NULL_CONVERSION = YES;
				CLANG_WARN_OBJC_IMPLICIT_RETAIN_SELF = YES;
				CLANG_WARN_OBJC_LITERAL_CONVERSION = YES;
				CLANG_WARN_OBJC_ROOT_CLASS = YES_ERROR;
				CLANG_WARN_QUOTED_INCLUDE_IN_FRAMEWORK_HEADER = YES;
				CLANG_WARN_RANGE_LOOP_ANALYSIS = YES;
				CLANG_WARN_STRICT_PROTOTYPES = YES;
				CLANG_WARN_SUSPICIOUS_MOVE = YES;
				CLANG_WARN_UNGUARDED_AVAILABILITY = YES_AGGRESSIVE;
				CLANG_WARN_UNREACHABLE_CODE = YES;
				CLANG_WARN__DUPLICATE_METHOD_MATCH = YES;
				COPY_PHASE_STRIP = NO;
				DEBUG_INFORMATION_FORMAT = "dwarf-with-dsym";
				ENABLE_NS_ASSERTIONS = NO;
				ENABLE_STRICT_OBJC_MSGSEND = YES;
				GCC_C_LANGUAGE_STANDARD = gnu11;
				GCC_NO_COMMON_BLOCKS = YES;
				GCC_WARN_64_TO_32_BIT_CONVERSION = YES;
				GCC_WARN_ABOUT_RETURN_TYPE = YES_ERROR;
				GCC_WARN_UNDECLARED_SELECTOR = YES;
				GCC_WARN_UNINITIALIZED_AUTOS = YES_AGGRESSIVE;
				GCC_WARN_UNUSED_FUNCTION = YES;
				GCC_WARN_UNUSED_VARIABLE = YES;
				IPHONEOS_DEPLOYMENT_TARGET = 16.2;
				MTL_ENABLE_DEBUG_INFO = NO;
				MTL_FAST_MATH = YES;
				SDKROOT = iphoneos;
				SWIFT_COMPILATION_MODE = wholemodule;
				SWIFT_OPTIMIZATION_LEVEL = "-O";
				VALIDATE_PRODUCT = YES;
			};
			name = Release;
		};
		A67E2E1B299B098D00B77A41 /* Debug */ = {
			isa = XCBuildConfiguration;
			buildSettings = {
				ASSETCATALOG_COMPILER_APPICON_NAME = AppIcon;
				ASSETCATALOG_COMPILER_GLOBAL_ACCENT_COLOR_NAME = AccentColor;
				CODE_SIGN_STYLE = Automatic;
				CURRENT_PROJECT_VERSION = 1;
				DEVELOPMENT_ASSET_PATHS = "\"Project332/Preview Content\"";
				ENABLE_PREVIEWS = YES;
				GENERATE_INFOPLIST_FILE = YES;
				INFOPLIST_KEY_UIApplicationSceneManifest_Generation = YES;
				INFOPLIST_KEY_UIApplicationSupportsIndirectInputEvents = YES;
				INFOPLIST_KEY_UILaunchScreen_Generation = YES;
				INFOPLIST_KEY_UISupportedInterfaceOrientations_iPad = "UIInterfaceOrientationPortrait UIInterfaceOrientationPortraitUpsideDown UIInterfaceOrientationLandscapeLeft UIInterfaceOrientationLandscapeRight";
				INFOPLIST_KEY_UISupportedInterfaceOrientations_iPhone = "UIInterfaceOrientationPortrait UIInterfaceOrientationLandscapeLeft UIInterfaceOrientationLandscapeRight";
				LD_RUNPATH_SEARCH_PATHS = (
					"$(inherited)",
					"@executable_path/Frameworks",
				);
				MARKETING_VERSION = 1.0;
				PRODUCT_BUNDLE_IDENTIFIER = io.AbanDomingo.Project332;
				PRODUCT_NAME = "$(TARGET_NAME)";
				SWIFT_EMIT_LOC_STRINGS = YES;
				SWIFT_VERSION = 5.0;
				TARGETED_DEVICE_FAMILY = "1,2";
			};
			name = Debug;
		};
		A67E2E1C299B098D00B77A41 /* Release */ = {
			isa = XCBuildConfiguration;
			buildSettings = {
				ASSETCATALOG_COMPILER_APPICON_NAME = AppIcon;
				ASSETCATALOG_COMPILER_GLOBAL_ACCENT_COLOR_NAME = AccentColor;
				CODE_SIGN_STYLE = Automatic;
				CURRENT_PROJECT_VERSION = 1;
				DEVELOPMENT_ASSET_PATHS = "\"Project332/Preview Content\"";
				ENABLE_PREVIEWS = YES;
				GENERATE_INFOPLIST_FILE = YES;
				INFOPLIST_KEY_UIApplicationSceneManifest_Generation = YES;
				INFOPLIST_KEY_UIApplicationSupportsIndirectInputEvents = YES;
				INFOPLIST_KEY_UILaunchScreen_Generation = YES;
				INFOPLIST_KEY_UISupportedInterfaceOrientations_iPad = "UIInterfaceOrientationPortrait UIInterfaceOrientationPortraitUpsideDown UIInterfaceOrientationLandscapeLeft UIInterfaceOrientationLandscapeRight";
				INFOPLIST_KEY_UISupportedInterfaceOrientations_iPhone = "UIInterfaceOrientationPortrait UIInterfaceOrientationLandscapeLeft UIInterfaceOrientationLandscapeRight";
				LD_RUNPATH_SEARCH_PATHS = (
					"$(inherited)",
					"@executable_path/Frameworks",
				);
				MARKETING_VERSION = 1.0;
				PRODUCT_BUNDLE_IDENTIFIER = io.AbanDomingo.Project332;
				PRODUCT_NAME = "$(TARGET_NAME)";
				SWIFT_EMIT_LOC_STRINGS = YES;
				SWIFT_VERSION = 5.0;
				TARGETED_DEVICE_FAMILY = "1,2";
			};
			name = Release;
		};
		A67E2E1E299B098D00B77A41 /* Debug */ = {
			isa = XCBuildConfiguration;
			buildSettings = {
				ALWAYS_EMBED_SWIFT_STANDARD_LIBRARIES = YES;
				BUNDLE_LOADER = "$(TEST_HOST)";
				CODE_SIGN_STYLE = Automatic;
				CURRENT_PROJECT_VERSION = 1;
				GENERATE_INFOPLIST_FILE = YES;
				IPHONEOS_DEPLOYMENT_TARGET = 16.2;
				MARKETING_VERSION = 1.0;
				PRODUCT_BUNDLE_IDENTIFIER = io.AbanDomingo.Project332Tests;
				PRODUCT_NAME = "$(TARGET_NAME)";
				SWIFT_EMIT_LOC_STRINGS = NO;
				SWIFT_VERSION = 5.0;
				TARGETED_DEVICE_FAMILY = "1,2";
				TEST_HOST = "$(BUILT_PRODUCTS_DIR)/Project332.app/$(BUNDLE_EXECUTABLE_FOLDER_PATH)/Project332";
			};
			name = Debug;
		};
		A67E2E1F299B098D00B77A41 /* Release */ = {
			isa = XCBuildConfiguration;
			buildSettings = {
				ALWAYS_EMBED_SWIFT_STANDARD_LIBRARIES = YES;
				BUNDLE_LOADER = "$(TEST_HOST)";
				CODE_SIGN_STYLE = Automatic;
				CURRENT_PROJECT_VERSION = 1;
				GENERATE_INFOPLIST_FILE = YES;
				IPHONEOS_DEPLOYMENT_TARGET = 16.2;
				MARKETING_VERSION = 1.0;
				PRODUCT_BUNDLE_IDENTIFIER = io.AbanDomingo.Project332Tests;
				PRODUCT_NAME = "$(TARGET_NAME)";
				SWIFT_EMIT_LOC_STRINGS = NO;
				SWIFT_VERSION = 5.0;
				TARGETED_DEVICE_FAMILY = "1,2";
				TEST_HOST = "$(BUILT_PRODUCTS_DIR)/Project332.app/$(BUNDLE_EXECUTABLE_FOLDER_PATH)/Project332";
			};
			name = Release;
		};
		A67E2E21299B098D00B77A41 /* Debug */ = {
			isa = XCBuildConfiguration;
			buildSettings = {
				ALWAYS_EMBED_SWIFT_STANDARD_LIBRARIES = YES;
				CODE_SIGN_STYLE = Automatic;
				CURRENT_PROJECT_VERSION = 1;
				GENERATE_INFOPLIST_FILE = YES;
				MARKETING_VERSION = 1.0;
				PRODUCT_BUNDLE_IDENTIFIER = io.AbanDomingo.Project332UITests;
				PRODUCT_NAME = "$(TARGET_NAME)";
				SWIFT_EMIT_LOC_STRINGS = NO;
				SWIFT_VERSION = 5.0;
				TARGETED_DEVICE_FAMILY = "1,2";
				TEST_TARGET_NAME = Project332;
			};
			name = Debug;
		};
		A67E2E22299B098D00B77A41 /* Release */ = {
			isa = XCBuildConfiguration;
			buildSettings = {
				ALWAYS_EMBED_SWIFT_STANDARD_LIBRARIES = YES;
				CODE_SIGN_STYLE = Automatic;
				CURRENT_PROJECT_VERSION = 1;
				GENERATE_INFOPLIST_FILE = YES;
				MARKETING_VERSION = 1.0;
				PRODUCT_BUNDLE_IDENTIFIER = io.AbanDomingo.Project332UITests;
				PRODUCT_NAME = "$(TARGET_NAME)";
				SWIFT_EMIT_LOC_STRINGS = NO;
				SWIFT_VERSION = 5.0;
				TARGETED_DEVICE_FAMILY = "1,2";
				TEST_TARGET_NAME = Project332;
			};
			name = Release;
		};
/* End XCBuildConfiguration section */

/* Begin XCConfigurationList section */
		A67E2DF1299B098A00B77A41 /* Build configuration list for PBXProject "Project332" */ = {
			isa = XCConfigurationList;
			buildConfigurations = (
				A67E2E18299B098D00B77A41 /* Debug */,
				A67E2E19299B098D00B77A41 /* Release */,
			);
			defaultConfigurationIsVisible = 0;
			defaultConfigurationName = Release;
		};
		A67E2E1A299B098D00B77A41 /* Build configuration list for PBXNativeTarget "Project332" */ = {
			isa = XCConfigurationList;
			buildConfigurations = (
				A67E2E1B299B098D00B77A41 /* Debug */,
				A67E2E1C299B098D00B77A41 /* Release */,
			);
			defaultConfigurationIsVisible = 0;
			defaultConfigurationName = Release;
		};
		A67E2E1D299B098D00B77A41 /* Build configuration list for PBXNativeTarget "Project332Tests" */ = {
			isa = XCConfigurationList;
			buildConfigurations = (
				A67E2E1E299B098D00B77A41 /* Debug */,
				A67E2E1F299B098D00B77A41 /* Release */,
			);
			defaultConfigurationIsVisible = 0;
			defaultConfigurationName = Release;
		};
		A67E2E20299B098D00B77A41 /* Build configuration list for PBXNativeTarget "Project332UITests" */ = {
			isa = XCConfigurationList;
			buildConfigurations = (
				A67E2E21299B098D00B77A41 /* Debug */,
				A67E2E22299B098D00B77A41 /* Release */,
			);
			defaultConfigurationIsVisible = 0;
			defaultConfigurationName = Release;
		};
/* End XCConfigurationList section */
	};
	rootObject = A67E2DEE299B098A00B77A41 /* Project object */;
}
